{
    "_readme": [
        "This file locks the dependencies of your project to a known state",
        "Read more about it at https://getcomposer.org/doc/01-basic-usage.md#composer-lock-the-lock-file",
        "This file is @generated automatically"
    ],
    "hash": "42d0e52d8c582ddf8ceecfe82612691f",
    "content-hash": "ed9bfb5d724b8090792702477499d5b8",
    "packages": [
        {
            "name": "embed/embed",
            "version": "v3.0.5",
            "source": {
                "type": "git",
                "url": "https://github.com/oscarotero/Embed.git",
                "reference": "e0043bb98e008825bb94e8df3be197ebe0e4e86d"
            },
            "dist": {
                "type": "zip",
                "url": "https://api.github.com/repos/oscarotero/Embed/zipball/e0043bb98e008825bb94e8df3be197ebe0e4e86d",
                "reference": "e0043bb98e008825bb94e8df3be197ebe0e4e86d",
                "shasum": ""
            },
            "require": {
                "ext-curl": "*",
                "ext-mbstring": "*",
                "php": "^5.5|^7.0"
            },
            "require-dev": {
                "friendsofphp/php-cs-fixer": "^2.0",
                "phpunit/phpunit": "^4.8|^5.7"
            },
            "type": "library",
            "autoload": {
                "psr-4": {
                    "Embed\\": "src"
                }
            },
            "notification-url": "https://packagist.org/downloads/",
            "license": [
                "MIT"
            ],
            "authors": [
                {
                    "name": "Oscar Otero",
                    "email": "oom@oscarotero.com",
                    "homepage": "http://oscarotero.com",
                    "role": "Developer"
                }
            ],
            "description": "PHP library to retrieve page info using oembed, opengraph, etc",
            "homepage": "https://github.com/oscarotero/Embed",
            "keywords": [
                "embed",
                "embedly",
                "oembed",
                "opengraph",
                "twitter cards"
            ],
            "time": "2017-02-12 21:48:59"
        },
        {
            "name": "kertz/twitteroauth",
            "version": "dev-master",
            "source": {
                "type": "git",
                "url": "https://github.com/kertz/twitteroauth.git",
                "reference": "97b677ca030e7de7dcade797aabb4af8a3aa463f"
            },
            "dist": {
                "type": "zip",
                "url": "https://api.github.com/repos/kertz/twitteroauth/zipball/97b677ca030e7de7dcade797aabb4af8a3aa463f",
                "reference": "97b677ca030e7de7dcade797aabb4af8a3aa463f",
                "shasum": ""
            },
            "require": {
                "ext-curl": "*",
                "php": ">=5.3.0"
            },
            "type": "library",
            "autoload": {
                "classmap": [
                    "twitteroauth"
                ]
            },
            "notification-url": "https://packagist.org/downloads/",
            "time": "2014-02-23 11:27:58"
        },
        {
            "name": "opauth/opauth",
            "version": "0.4.4",
            "source": {
                "type": "git",
                "url": "https://github.com/opauth/opauth.git",
                "reference": "436fb98c2374c9e8ae4d8adddf83214bee4d9c72"
            },
            "dist": {
                "type": "zip",
                "url": "https://api.github.com/repos/opauth/opauth/zipball/436fb98c2374c9e8ae4d8adddf83214bee4d9c72",
                "reference": "436fb98c2374c9e8ae4d8adddf83214bee4d9c72",
                "shasum": ""
            },
            "require": {
                "php": ">=5.2.0"
            },
            "suggest": {
                "opauth/facebook": "Allows Facebook authentication",
                "opauth/google": "Allows Google authentication",
                "opauth/twitter": "Allows Twitter authentication"
            },
            "type": "library",
            "autoload": {
                "classmap": [
                    "lib/Opauth/"
                ]
            },
            "notification-url": "https://packagist.org/downloads/",
            "license": [
                "MIT"
            ],
            "authors": [
                {
                    "name": "U-Zyn Chua",
                    "email": "chua@uzyn.com",
                    "homepage": "http://uzyn.com"
                }
            ],
            "description": "Multi-provider authentication framework for PHP",
            "homepage": "http://opauth.org",
            "keywords": [
                "Authentication",
                "OpenId",
                "auth",
                "facebook",
                "google",
                "oauth",
                "omniauth",
                "twitter"
            ],
            "time": "2013-05-10 09:01:52"
        },
        {
            "name": "opauth/twitter",
            "version": "0.3.1",
            "source": {
                "type": "git",
                "url": "https://github.com/opauth/twitter.git",
                "reference": "24792d512ccc67e7d11e9249737616f039551c11"
            },
            "dist": {
                "type": "zip",
                "url": "https://api.github.com/repos/opauth/twitter/zipball/24792d512ccc67e7d11e9249737616f039551c11",
                "reference": "24792d512ccc67e7d11e9249737616f039551c11",
                "shasum": ""
            },
            "require": {
                "opauth/opauth": ">=0.2.0",
                "php": ">=5.2.0"
            },
            "type": "library",
            "autoload": {
                "psr-0": {
                    "": "."
                }
            },
            "notification-url": "https://packagist.org/downloads/",
            "license": [
                "MIT"
            ],
            "authors": [
                {
                    "name": "U-Zyn Chua",
                    "email": "chua@uzyn.com",
                    "homepage": "http://uzyn.com"
                }
            ],
            "description": "Twitter strategy for Opauth",
            "homepage": "http://opauth.org",
            "keywords": [
                "Authentication",
                "auth",
                "twitter"
            ],
            "time": "2013-06-12 07:50:11"
        },
        {
            "name": "yuzuru-s/parse-rss",
            "version": "dev-master",
            "source": {
                "type": "git",
                "url": "https://github.com/YuzuruS/parse-rss.git",
                "reference": "4c09a0b8d46f97beb17e3e10b7b6fe7051920caf"
            },
            "dist": {
                "type": "zip",
                "url": "https://api.github.com/repos/YuzuruS/parse-rss/zipball/4c09a0b8d46f97beb17e3e10b7b6fe7051920caf",
                "reference": "4c09a0b8d46f97beb17e3e10b7b6fe7051920caf",
                "shasum": ""
            },
            "require": {
                "embed/embed": "*",
                "ext-curl": "*",
                "ext-xml": "*",
                "php": ">=5.5.0"
            },
            "require-dev": {
                "friendsofphp/php-cs-fixer": "0.3.*@dev",
                "phpunit/phpunit": "3.7.*@stable",
                "satooshi/php-coveralls": "dev-master"
            },
            "type": "library",
            "autoload": {
                "psr-0": {
                    "YuzuruS": "src/"
                }
            },
            "notification-url": "https://packagist.org/downloads/",
            "license": [
                "MIT"
            ],
            "authors": [
                {
                    "name": "Yuzuru Suzuki",
                    "email": "navitima@gmail.com",
                    "homepage": "http://yuzurus.hatenablog.jp/"
                }
            ],
            "description": "This PHP library can easily parse xml files, especially RSS1.0, RSS2.0 and ATOM.",
            "homepage": "https://github.com/YuzuruS/parse-rss",
            "keywords": [
                "RDF",
                "atom",
                "parser",
                "rss"
            ],
            "time": "2017-01-30 14:10:28"
        }
    ],
    "packages-dev": [],
    "aliases": [],
    "minimum-stability": "stable",
    "stability-flags": {
        "kertz/twitteroauth": 20,
        "yuzuru-s/parse-rss": 20
    },
    "prefer-stable": false,
    "prefer-lowest": false,
    "platform": [],
    "platform-dev": []
}
